
Microsoft Visual Studio Solution File, Format Version 12.00
# Visual Studio Version 16
VisualStudioVersion = 16.0.31624.102
MinimumVisualStudioVersion = 10.0.40219.1
Project("{FAE04EC0-301F-11D3-BF4B-00C04F79EFBC}") = "eTickets", "eTickets.csproj", "{B8C6E298-25DC-4E5B-9BD0-84554D95036F}"
EndProject
Global
	GlobalSection(SolutionConfigurationPlatforms) = preSolution
		Debug|Any CPU = Debug|Any CPU
		Release|Any CPU = Release|Any CPU
	EndGlobalSection
	GlobalSection(ProjectConfigurationPlatforms) = postSolution
		{B8C6E298-25DC-4E5B-9BD0-84554D95036F}.Debug|Any CPU.ActiveCfg = Debug|Any CPU
		{B8C6E298-25DC-4E5B-9BD0-84554D95036F}.Debug|Any CPU.Build.0 = Debug|Any CPU
		{B8C6E298-25DC-4E5B-9BD0-84554D95036F}.Release|Any CPU.ActiveCfg = Release|Any CPU
		{B8C6E298-25DC-4E5B-9BD0-84554D95036F}.Release|Any CPU.Build.0 = Release|Any CPU
	EndGlobalSection
	GlobalSection(SolutionProperties) = preSolution
		HideSolutionNode = FALSE
	EndGlobalSection
	GlobalSection(ExtensibilityGlobals) = postSolution
		SolutionGuid = {E59D298E-2AA7-42C5-BFF1-ACF0FFD50E25}
	EndGlobalSection
EndGlobal
